// !$*UTF8*$!
{
	archiveVersion = 1;
	classes = {
	};
	objectVersion = 46;
	objects = {

/* Begin PBXBuildFile section */
		6736C67F1ED57B180060F84A /* SGXCAssetsViewController.m in Sources */ = {isa = PBXBuildFile; fileRef = 6736C67E1ED57B180060F84A /* SGXCAssetsViewController.m */; };
		6786A7C21ED55EBE0056B1ED /* AppDelegate.m in Sources */ = {isa = PBXBuildFile; fileRef = 6786A7C11ED55EBE0056B1ED /* AppDelegate.m */; };
		6786A7C51ED55EBE0056B1ED /* main.m in Sources */ = {isa = PBXBuildFile; fileRef = 6786A7C41ED55EBE0056B1ED /* main.m */; };
		6786A7CA1ED55EBE0056B1ED /* Assets.xcassets in Resources */ = {isa = PBXBuildFile; fileRef = 6786A7C91ED55EBE0056B1ED /* Assets.xcassets */; };
		6786A7CD1ED55EBE0056B1ED /* Main.storyboard in Resources */ = {isa = PBXBuildFile; fileRef = 6786A7CB1ED55EBE0056B1ED /* Main.storyboard */; };
		6786A7D61ED55F170056B1ED /* SGXCAssetsManager.m in Sources */ = {isa = PBXBuildFile; fileRef = 6786A7D51ED55F170056B1ED /* SGXCAssetsManager.m */; };
		6786A7D91ED56A070056B1ED /* SGWindow.m in Sources */ = {isa = PBXBuildFile; fileRef = 6786A7D81ED56A070056B1ED /* SGWindow.m */; };
		67EABD1B1ED7D0FC00822E88 /* Localizable.strings in Resources */ = {isa = PBXBuildFile; fileRef = 67EABD1D1ED7D0FC00822E88 /* Localizable.strings */; };
		D7C9EE1DE34DB562FA8592F6 /* libPods-SGXCAssets.a in Frameworks */ = {isa = PBXBuildFile; fileRef = 973DE9B276EF68653B332902 /* libPods-SGXCAssets.a */; };
/* End PBXBuildFile section */

/* Begin PBXFileReference section */
		6736C67D1ED57B180060F84A /* SGXCAssetsViewController.h */ = {isa = PBXFileReference; fileEncoding = 4; lastKnownFileType = sourcecode.c.h; path = SGXCAssetsViewController.h; sourceTree = "<group>"; };
		6736C67E1ED57B180060F84A /* SGXCAssetsViewController.m */ = {isa = PBXFileReference; fileEncoding = 4; lastKnownFileType = sourcecode.c.objc; path = SGXCAssetsViewController.m; sourceTree = "<group>"; };
		6757E6D71EDBBAC600B7B58A /* ko */ = {isa = PBXFileReference; lastKnownFileType = text.plist.strings; name = ko; path = ko.lproj/Main.strings; sourceTree = "<group>"; };
		6786A7BD1ED55EBE0056B1ED /* SGXCAssets.app */ = {isa = PBXFileReference; explicitFileType = wrapper.application; includeInIndex = 0; path = SGXCAssets.app; sourceTree = BUILT_PRODUCTS_DIR; };
		6786A7C01ED55EBE0056B1ED /* AppDelegate.h */ = {isa = PBXFileReference; lastKnownFileType = sourcecode.c.h; path = AppDelegate.h; sourceTree = "<group>"; };
		6786A7C11ED55EBE0056B1ED /* AppDelegate.m */ = {isa = PBXFileReference; lastKnownFileType = sourcecode.c.objc; path = AppDelegate.m; sourceTree = "<group>"; };
		6786A7C41ED55EBE0056B1ED /* main.m */ = {isa = PBXFileReference; lastKnownFileType = sourcecode.c.objc; path = main.m; sourceTree = "<group>"; };
		6786A7C91ED55EBE0056B1ED /* Assets.xcassets */ = {isa = PBXFileReference; lastKnownFileType = folder.assetcatalog; path = Assets.xcassets; sourceTree = "<group>"; };
		6786A7CC1ED55EBE0056B1ED /* Base */ = {isa = PBXFileReference; lastKnownFileType = file.storyboard; name = Base; path = Base.lproj/Main.storyboard; sourceTree = "<group>"; };
		6786A7CE1ED55EBE0056B1ED /* Info.plist */ = {isa = PBXFileReference; lastKnownFileType = text.plist.xml; path = Info.plist; sourceTree = "<group>"; };
		6786A7D41ED55F170056B1ED /* SGXCAssetsManager.h */ = {isa = PBXFileReference; fileEncoding = 4; lastKnownFileType = sourcecode.c.h; path = SGXCAssetsManager.h; sourceTree = "<group>"; };
		6786A7D51ED55F170056B1ED /* SGXCAssetsManager.m */ = {isa = PBXFileReference; fileEncoding = 4; lastKnownFileType = sourcecode.c.objc; path = SGXCAssetsManager.m; sourceTree = "<group>"; };
		6786A7D71ED56A070056B1ED /* SGWindow.h */ = {isa = PBXFileReference; fileEncoding = 4; lastKnownFileType = sourcecode.c.h; path = SGWindow.h; sourceTree = "<group>"; };
		6786A7D81ED56A070056B1ED /* SGWindow.m */ = {isa = PBXFileReference; fileEncoding = 4; lastKnownFileType = sourcecode.c.objc; path = SGWindow.m; sourceTree = "<group>"; };
		67EABD1C1ED7D0FC00822E88 /* Base */ = {isa = PBXFileReference; lastKnownFileType = text.plist.strings; name = Base; path = Base.lproj/Localizable.strings; sourceTree = "<group>"; };
		67EABD1E1ED7D0FE00822E88 /* ko */ = {isa = PBXFileReference; lastKnownFileType = text.plist.strings; name = ko; path = ko.lproj/Localizable.strings; sourceTree = "<group>"; };
		68ACADADD384C059B82DCE36 /* Pods-SGXCAssets.debug.xcconfig */ = {isa = PBXFileReference; includeInIndex = 1; lastKnownFileType = text.xcconfig; name = "Pods-SGXCAssets.debug.xcconfig"; path = "Pods/Target Support Files/Pods-SGXCAssets/Pods-SGXCAssets.debug.xcconfig"; sourceTree = "<group>"; };
		726CBA5E850D4F914CA26704 /* Pods-SGXCAssets.release.xcconfig */ = {isa = PBXFileReference; includeInIndex = 1; lastKnownFileType = text.xcconfig; name = "Pods-SGXCAssets.release.xcconfig"; path = "Pods/Target Support Files/Pods-SGXCAssets/Pods-SGXCAssets.release.xcconfig"; sourceTree = "<group>"; };
		973DE9B276EF68653B332902 /* libPods-SGXCAssets.a */ = {isa = PBXFileReference; explicitFileType = archive.ar; includeInIndex = 0; path = "libPods-SGXCAssets.a"; sourceTree = BUILT_PRODUCTS_DIR; };
/* End PBXFileReference section */

/* Begin PBXFrameworksBuildPhase section */
		6786A7BA1ED55EBE0056B1ED /* Frameworks */ = {
			isa = PBXFrameworksBuildPhase;
			buildActionMask = 2147483647;
			files = (
				D7C9EE1DE34DB562FA8592F6 /* libPods-SGXCAssets.a in Frameworks */,
			);
			runOnlyForDeploymentPostprocessing = 0;
		};
/* End PBXFrameworksBuildPhase section */

/* Begin PBXGroup section */
		4F929A41F3DEA1E55D7A1FD8 /* Pods */ = {
			isa = PBXGroup;
			children = (
				68ACADADD384C059B82DCE36 /* Pods-SGXCAssets.debug.xcconfig */,
				726CBA5E850D4F914CA26704 /* Pods-SGXCAssets.release.xcconfig */,
			);
			name = Pods;
			sourceTree = "<group>";
		};
		6786A7B41ED55EBE0056B1ED = {
			isa = PBXGroup;
			children = (
				6786A7BF1ED55EBE0056B1ED /* SGXCAssets */,
				6786A7BE1ED55EBE0056B1ED /* Products */,
				4F929A41F3DEA1E55D7A1FD8 /* Pods */,
				928D9E1A87AE9A96666CD862 /* Frameworks */,
			);
			sourceTree = "<group>";
		};
		6786A7BE1ED55EBE0056B1ED /* Products */ = {
			isa = PBXGroup;
			children = (
				6786A7BD1ED55EBE0056B1ED /* SGXCAssets.app */,
			);
			name = Products;
			sourceTree = "<group>";
		};
		6786A7BF1ED55EBE0056B1ED /* SGXCAssets */ = {
			isa = PBXGroup;
			children = (
				6786A7C01ED55EBE0056B1ED /* AppDelegate.h */,
				6786A7C11ED55EBE0056B1ED /* AppDelegate.m */,
				6786A7D71ED56A070056B1ED /* SGWindow.h */,
				6786A7D81ED56A070056B1ED /* SGWindow.m */,
				6786A7D41ED55F170056B1ED /* SGXCAssetsManager.h */,
				6786A7D51ED55F170056B1ED /* SGXCAssetsManager.m */,
				6736C67D1ED57B180060F84A /* SGXCAssetsViewController.h */,
				6736C67E1ED57B180060F84A /* SGXCAssetsViewController.m */,
				6786A7C91ED55EBE0056B1ED /* Assets.xcassets */,
				6786A7CB1ED55EBE0056B1ED /* Main.storyboard */,
				6786A7CE1ED55EBE0056B1ED /* Info.plist */,
				6786A7C31ED55EBE0056B1ED /* Supporting Files */,
			);
			path = SGXCAssets;
			sourceTree = "<group>";
		};
		6786A7C31ED55EBE0056B1ED /* Supporting Files */ = {
			isa = PBXGroup;
			children = (
				6786A7C41ED55EBE0056B1ED /* main.m */,
				67EABD1D1ED7D0FC00822E88 /* Localizable.strings */,
			);
			name = "Supporting Files";
			sourceTree = "<group>";
		};
		928D9E1A87AE9A96666CD862 /* Frameworks */ = {
			isa = PBXGroup;
			children = (
				973DE9B276EF68653B332902 /* libPods-SGXCAssets.a */,
			);
			name = Frameworks;
			sourceTree = "<group>";
		};
/* End PBXGroup section */

/* Begin PBXNativeTarget section */
		6786A7BC1ED55EBE0056B1ED /* SGXCAssets */ = {
			isa = PBXNativeTarget;
			buildConfigurationList = 6786A7D11ED55EBE0056B1ED /* Build configuration list for PBXNativeTarget "SGXCAssets" */;
			buildPhases = (
				3408043EA937E602FD33D9FA /* [CP] Check Pods Manifest.lock */,
				6786A7B91ED55EBE0056B1ED /* Sources */,
				6786A7BA1ED55EBE0056B1ED /* Frameworks */,
				6786A7BB1ED55EBE0056B1ED /* Resources */,
				F2AF455DD7B2FC768F6BB7C9 /* [CP] Embed Pods Frameworks */,
				9AB7C82AEF8B06F6A6D32788 /* [CP] Copy Pods Resources */,
			);
			buildRules = (
			);
			dependencies = (
			);
			name = SGXCAssets;
			productName = SGXCAssets;
			productReference = 6786A7BD1ED55EBE0056B1ED /* SGXCAssets.app */;
			productType = "com.apple.product-type.application";
		};
/* End PBXNativeTarget section */

/* Begin PBXProject section */
		6786A7B51ED55EBE0056B1ED /* Project object */ = {
			isa = PBXProject;
			attributes = {
				CLASSPREFIX = SG;
				LastUpgradeCheck = 0830;
				ORGANIZATIONNAME = SGIOS;
				TargetAttributes = {
					6786A7BC1ED55EBE0056B1ED = {
						CreatedOnToolsVersion = 8.3;
						DevelopmentTeam = P4BDJKG9NM;
						ProvisioningStyle = Automatic;
					};
				};
			};
			buildConfigurationList = 6786A7B81ED55EBE0056B1ED /* Build configuration list for PBXProject "SGXCAssets" */;
			compatibilityVersion = "Xcode 3.2";
			developmentRegion = English;
			hasScannedForEncodings = 0;
			knownRegions = (
				en,
				Base,
				ko,
			);
			mainGroup = 6786A7B41ED55EBE0056B1ED;
			productRefGroup = 6786A7BE1ED55EBE0056B1ED /* Products */;
			projectDirPath = "";
			projectRoot = "";
			targets = (
				6786A7BC1ED55EBE0056B1ED /* SGXCAssets */,
			);
		};
/* End PBXProject section */

/* Begin PBXResourcesBuildPhase section */
		6786A7BB1ED55EBE0056B1ED /* Resources */ = {
			isa = PBXResourcesBuildPhase;
			buildActionMask = 2147483647;
			files = (
				6786A7CA1ED55EBE0056B1ED /* Assets.xcassets in Resources */,
				6786A7CD1ED55EBE0056B1ED /* Main.storyboard in Resources */,
				67EABD1B1ED7D0FC00822E88 /* Localizable.strings in Resources */,
			);
			runOnlyForDeploymentPostprocessing = 0;
		};
/* End PBXResourcesBuildPhase section */

/* Begin PBXShellScriptBuildPhase section */
		3408043EA937E602FD33D9FA /* [CP] Check Pods Manifest.lock */ = {
			isa = PBXShellScriptBuildPhase;
			buildActionMask = 2147483647;
			files = (
			);
			inputPaths = (
			);
			name = "[CP] Check Pods Manifest.lock";
			outputPaths = (
			);
			runOnlyForDeploymentPostprocessing = 0;
			shellPath = /bin/sh;
			shellScript = "diff \"${PODS_ROOT}/../Podfile.lock\" \"${PODS_ROOT}/Manifest.lock\" > /dev/null\nif [ $? != 0 ] ; then\n    # print error to STDERR\n    echo \"error: The sandbox is not in sync with the Podfile.lock. Run 'pod install' or update your CocoaPods installation.\" >&2\n    exit 1\nfi\n";
			showEnvVarsInLog = 0;
		};
		9AB7C82AEF8B06F6A6D32788 /* [CP] Copy Pods Resources */ = {
			isa = PBXShellScriptBuildPhase;
			buildActionMask = 2147483647;
			files = (
			);
			inputPaths = (
			);
			name = "[CP] Copy Pods Resources";
			outputPaths = (
			);
			runOnlyForDeploymentPostprocessing = 0;
			shellPath = /bin/sh;
			shellScript = "\"${SRCROOT}/Pods/Target Support Files/Pods-SGXCAssets/Pods-SGXCAssets-resources.sh\"\n";
			showEnvVarsInLog = 0;
		};
		F2AF455DD7B2FC768F6BB7C9 /* [CP] Embed Pods Frameworks */ = {
			isa = PBXShellScriptBuildPhase;
			buildActionMask = 2147483647;
			files = (
			);
			inputPaths = (
			);
			name = "[CP] Embed Pods Frameworks";
			outputPaths = (
			);
			runOnlyForDeploymentPostprocessing = 0;
			shellPath = /bin/sh;
			shellScript = "\"${SRCROOT}/Pods/Target Support Files/Pods-SGXCAssets/Pods-SGXCAssets-frameworks.sh\"\n";
			showEnvVarsInLog = 0;
		};
/* End PBXShellScriptBuildPhase section */

/* Begin PBXSourcesBuildPhase section */
		6786A7B91ED55EBE0056B1ED /* Sources */ = {
			isa = PBXSourcesBuildPhase;
			buildActionMask = 2147483647;
			files = (
				6786A7D91ED56A070056B1ED /* SGWindow.m in Sources */,
				6786A7D61ED55F170056B1ED /* SGXCAssetsManager.m in Sources */,
				6786A7C51ED55EBE0056B1ED /* main.m in Sources */,
				6736C67F1ED57B180060F84A /* SGXCAssetsViewController.m in Sources */,
				6786A7C21ED55EBE0056B1ED /* AppDelegate.m in Sources */,
			);
			runOnlyForDeploymentPostprocessing = 0;
		};
/* End PBXSourcesBuildPhase section */

/* Begin PBXVariantGroup section */
		6786A7CB1ED55EBE0056B1ED /* Main.storyboard */ = {
			isa = PBXVariantGroup;
			children = (
				6786A7CC1ED55EBE0056B1ED /* Base */,
				6757E6D71EDBBAC600B7B58A /* ko */,
			);
			name = Main.storyboard;
			sourceTree = "<group>";
		};
		67EABD1D1ED7D0FC00822E88 /* Localizable.strings */ = {
			isa = PBXVariantGroup;
			children = (
				67EABD1C1ED7D0FC00822E88 /* Base */,
				67EABD1E1ED7D0FE00822E88 /* ko */,
			);
			name = Localizable.strings;
			sourceTree = "<group>";
		};
/* End PBXVariantGroup section */

/* Begin XCBuildConfiguration section */
		6786A7CF1ED55EBE0056B1ED /* Debug */ = {
			isa = XCBuildConfiguration;
			buildSettings = {
				ALWAYS_SEARCH_USER_PATHS = NO;
				CLANG_ANALYZER_LOCALIZABILITY_NONLOCALIZED = YES;
				CLANG_ANALYZER_NONNULL = YES;
				CLANG_ANALYZER_NUMBER_OBJECT_CONVERSION = YES_AGGRESSIVE;
				CLANG_CXX_LANGUAGE_STANDARD = "gnu++0x";
				CLANG_CXX_LIBRARY = "libc++";
				CLANG_ENABLE_MODULES = YES;
				CLANG_ENABLE_OBJC_ARC = YES;
				CLANG_WARN_BOOL_CONVERSION = YES;
				CLANG_WARN_CONSTANT_CONVERSION = YES;
				CLANG_WARN_DIRECT_OBJC_ISA_USAGE = YES_ERROR;
				CLANG_WARN_DOCUMENTATION_COMMENTS = YES;
				CLANG_WARN_EMPTY_BODY = YES;
				CLANG_WARN_ENUM_CONVERSION = YES;
				CLANG_WARN_INFINITE_RECURSION = YES;
				CLANG_WARN_INT_CONVERSION = YES;
				CLANG_WARN_OBJC_ROOT_CLASS = YES_ERROR;
				CLANG_WARN_SUSPICIOUS_MOVE = YES;
				CLANG_WARN_UNREACHABLE_CODE = YES;
				CLANG_WARN__DUPLICATE_METHOD_MATCH = YES;
				CODE_SIGN_IDENTITY = "-";
				COPY_PHASE_STRIP = NO;
				DEBUG_INFORMATION_FORMAT = dwarf;
				ENABLE_STRICT_OBJC_MSGSEND = YES;
				ENABLE_TESTABILITY = YES;
				GCC_C_LANGUAGE_STANDARD = gnu99;
				GCC_DYNAMIC_NO_PIC = NO;
				GCC_NO_COMMON_BLOCKS = YES;
				GCC_OPTIMIZATION_LEVEL = 0;
				GCC_PREPROCESSOR_DEFINITIONS = (
					"DEBUG=1",
					"$(inherited)",
				);
				GCC_WARN_64_TO_32_BIT_CONVERSION = YES;
				GCC_WARN_ABOUT_RETURN_TYPE = YES_ERROR;
				GCC_WARN_UNDECLARED_SELECTOR = YES;
				GCC_WARN_UNINITIALIZED_AUTOS = YES_AGGRESSIVE;
				GCC_WARN_UNUSED_FUNCTION = YES;
				GCC_WARN_UNUSED_VARIABLE = YES;
				MACOSX_DEPLOYMENT_TARGET = 10.12;
				MTL_ENABLE_DEBUG_INFO = YES;
				ONLY_ACTIVE_ARCH = YES;
				SDKROOT = macosx;
			};
			name = Debug;
		};
		6786A7D01ED55EBE0056B1ED /* Release */ = {
			isa = XCBuildConfiguration;
			buildSettings = {
				ALWAYS_SEARCH_USER_PATHS = NO;
				CLANG_ANALYZER_LOCALIZABILITY_NONLOCALIZED = YES;
				CLANG_ANALYZER_NONNULL = YES;
				CLANG_ANALYZER_NUMBER_OBJECT_CONVERSION = YES_AGGRESSIVE;
				CLANG_CXX_LANGUAGE_STANDARD = "gnu++0x";
				CLANG_CXX_LIBRARY = "libc++";
				CLANG_ENABLE_MODULES = YES;
				CLANG_ENABLE_OBJC_ARC = YES;
				CLANG_WARN_BOOL_CONVERSION = YES;
				CLANG_WARN_CONSTANT_CONVERSION = YES;
				CLANG_WARN_DIRECT_OBJC_ISA_USAGE = YES_ERROR;
				CLANG_WARN_DOCUMENTATION_COMMENTS = YES;
				CLANG_WARN_EMPTY_BODY = YES;
				CLANG_WARN_ENUM_CONVERSION = YES;
				CLANG_WARN_INFINITE_RECURSION = YES;
				CLANG_WARN_INT_CONVERSION = YES;
				CLANG_WARN_OBJC_ROOT_CLASS = YES_ERROR;
				CLANG_WARN_SUSPICIOUS_MOVE = YES;
				CLANG_WARN_UNREACHABLE_CODE = YES;
				CLANG_WARN__DUPLICATE_METHOD_MATCH = YES;
				CODE_SIGN_IDENTITY = "-";
				COPY_PHASE_STRIP = NO;
				DEBUG_INFORMATION_FORMAT = "dwarf-with-dsym";
				ENABLE_NS_ASSERTIONS = NO;
				ENABLE_STRICT_OBJC_MSGSEND = YES;
				GCC_C_LANGUAGE_STANDARD = gnu99;
				GCC_NO_COMMON_BLOCKS = YES;
				GCC_WARN_64_TO_32_BIT_CONVERSION = YES;
				GCC_WARN_ABOUT_RETURN_TYPE = YES_ERROR;
				GCC_WARN_UNDECLARED_SELECTOR = YES;
				GCC_WARN_UNINITIALIZED_AUTOS = YES_AGGRESSIVE;
				GCC_WARN_UNUSED_FUNCTION = YES;
				GCC_WARN_UNUSED_VARIABLE = YES;
				MACOSX_DEPLOYMENT_TARGET = 10.12;
				MTL_ENABLE_DEBUG_INFO = NO;
				SDKROOT = macosx;
			};
			name = Release;
		};
		6786A7D21ED55EBE0056B1ED /* Debug */ = {
			isa = XCBuildConfiguration;
			baseConfigurationReference = 68ACADADD384C059B82DCE36 /* Pods-SGXCAssets.debug.xcconfig */;
			buildSettings = {
				ASSETCATALOG_COMPILER_APPICON_NAME = AppIcon;
				COMBINE_HIDPI_IMAGES = YES;
				DEVELOPMENT_TEAM = P4BDJKG9NM;
				INFOPLIST_FILE = SGXCAssets/Info.plist;
				LD_RUNPATH_SEARCH_PATHS = "$(inherited) @executable_path/../Frameworks";
				PRODUCT_BUNDLE_IDENTIFIER = SGIOS.SGXCAssets;
				PRODUCT_NAME = "$(TARGET_NAME)";
			};
			name = Debug;
		};
		6786A7D31ED55EBE0056B1ED /* Release */ = {
			isa = XCBuildConfiguration;
			baseConfigurationReference = 726CBA5E850D4F914CA26704 /* Pods-SGXCAssets.release.xcconfig */;
			buildSettings = {
				ASSETCATALOG_COMPILER_APPICON_NAME = AppIcon;
				COMBINE_HIDPI_IMAGES = YES;
				DEVELOPMENT_TEAM = P4BDJKG9NM;
				INFOPLIST_FILE = SGXCAssets/Info.plist;
				LD_RUNPATH_SEARCH_PATHS = "$(inherited) @executable_path/../Frameworks";
				PRODUCT_BUNDLE_IDENTIFIER = SGIOS.SGXCAssets;
				PRODUCT_NAME = "$(TARGET_NAME)";
			};
			name = Release;
		};
/* End XCBuildConfiguration section */

/* Begin XCConfigurationList section */
		6786A7B81ED55EBE0056B1ED /* Build configuration list for PBXProject "SGXCAssets" */ = {
			isa = XCConfigurationList;
			buildConfigurations = (
				6786A7CF1ED55EBE0056B1ED /* Debug */,
				6786A7D01ED55EBE0056B1ED /* Release */,
			);
			defaultConfigurationIsVisible = 0;
			defaultConfigurationName = Release;
		};
		6786A7D11ED55EBE0056B1ED /* Build configuration list for PBXNativeTarget "SGXCAssets" */ = {
			isa = XCConfigurationList;
			buildConfigurations = (
				6786A7D21ED55EBE0056B1ED /* Debug */,
				6786A7D31ED55EBE0056B1ED /* Release */,
			);
			defaultConfigurationIsVisible = 0;
			defaultConfigurationName = Release;
		};
/* End XCConfigurationList section */
	};
	rootObject = 6786A7B51ED55EBE0056B1ED /* Project object */;
}
